
Microsoft Visual Studio Solution File, Format Version 12.00
# Visual Studio Version 17
VisualStudioVersion = 17.4.33110.190
MinimumVisualStudioVersion = 10.0.40219.1
Project("{8BC9CEB8-8B4A-11D0-8D11-00A0C91BC942}") = "RafalGrajcar-zaj6", "RafalGrajcar-zaj6\RafalGrajcar-zaj6.vcxproj", "{5759B0F8-BBA7-42F5-932C-2D272EEA429F}"
EndProject
Global
	GlobalSection(SolutionConfigurationPlatforms) = preSolution
		Debug|x64 = Debug|x64
		Debug|x86 = Debug|x86
		Release|x64 = Release|x64
		Release|x86 = Release|x86
	EndGlobalSection
	GlobalSection(ProjectConfigurationPlatforms) = postSolution
		{5759B0F8-BBA7-42F5-932C-2D272EEA429F}.Debug|x64.ActiveCfg = Debug|x64
		{5759B0F8-BBA7-42F5-932C-2D272EEA429F}.Debug|x64.Build.0 = Debug|x64
		{5759B0F8-BBA7-42F5-932C-2D272EEA429F}.Debug|x86.ActiveCfg = Debug|Win32
		{5759B0F8-BBA7-42F5-932C-2D272EEA429F}.Debug|x86.Build.0 = Debug|Win32
		{5759B0F8-BBA7-42F5-932C-2D272EEA429F}.Release|x64.ActiveCfg = Release|x64
		{5759B0F8-BBA7-42F5-932C-2D272EEA429F}.Release|x64.Build.0 = Release|x64
		{5759B0F8-BBA7-42F5-932C-2D272EEA429F}.Release|x86.ActiveCfg = Release|Win32
		{5759B0F8-BBA7-42F5-932C-2D272EEA429F}.Release|x86.Build.0 = Release|Win32
	EndGlobalSection
	GlobalSection(SolutionProperties) = preSolution
		HideSolutionNode = FALSE
	EndGlobalSection
	GlobalSection(ExtensibilityGlobals) = postSolution
		SolutionGuid = {C6A96759-C99F-4E95-B3AE-685FE3A35F2B}
	EndGlobalSection
EndGlobal
